
Microsoft Visual Studio Solution File, Format Version 12.00
Project("{FAE04EC0-301F-11D3-BF4B-00C04F79EFBC}") = "UnitTests", "UnitTests\UnitTests.csproj", "{9585E117-6557-4302-8192-1496E52AE277}"
EndProject
Project("{FAE04EC0-301F-11D3-BF4B-00C04F79EFBC}") = "ValueObjects", "ValueObjects\ValueObjects.csproj", "{7747C878-51D2-476D-AC67-FEFA151CE9DD}"
EndProject
Project("{2150E333-8FDC-42A3-9474-1A3956D46DE8}") = "SolutionItems", "SolutionItems", "{0D94E652-C861-4AA4-B6B8-D5CF857E4B5F}"
	ProjectSection(SolutionItems) = preProject
		.gitignore = .gitignore
	EndProjectSection
EndProject
Project("{FAE04EC0-301F-11D3-BF4B-00C04F79EFBC}") = "PersonGenerator", "PersonGenerator\PersonGenerator.csproj", "{50DCAF07-BE15-457C-A088-D65AD074B521}"
EndProject
Project("{FAE04EC0-301F-11D3-BF4B-00C04F79EFBC}") = "PersonGeneratorConsole", "PersonGeneratorConsole\PersonGeneratorConsole.csproj", "{002D9476-D390-4417-80F0-92326A969D41}"
EndProject
Global
	GlobalSection(SolutionConfigurationPlatforms) = preSolution
		Debug|Any CPU = Debug|Any CPU
		Release|Any CPU = Release|Any CPU
	EndGlobalSection
	GlobalSection(ProjectConfigurationPlatforms) = postSolution
		{9585E117-6557-4302-8192-1496E52AE277}.Debug|Any CPU.ActiveCfg = Debug|Any CPU
		{9585E117-6557-4302-8192-1496E52AE277}.Debug|Any CPU.Build.0 = Debug|Any CPU
		{9585E117-6557-4302-8192-1496E52AE277}.Release|Any CPU.ActiveCfg = Release|Any CPU
		{9585E117-6557-4302-8192-1496E52AE277}.Release|Any CPU.Build.0 = Release|Any CPU
		{7747C878-51D2-476D-AC67-FEFA151CE9DD}.Debug|Any CPU.ActiveCfg = Debug|Any CPU
		{7747C878-51D2-476D-AC67-FEFA151CE9DD}.Debug|Any CPU.Build.0 = Debug|Any CPU
		{7747C878-51D2-476D-AC67-FEFA151CE9DD}.Release|Any CPU.ActiveCfg = Release|Any CPU
		{7747C878-51D2-476D-AC67-FEFA151CE9DD}.Release|Any CPU.Build.0 = Release|Any CPU
		{50DCAF07-BE15-457C-A088-D65AD074B521}.Debug|Any CPU.ActiveCfg = Debug|Any CPU
		{50DCAF07-BE15-457C-A088-D65AD074B521}.Debug|Any CPU.Build.0 = Debug|Any CPU
		{50DCAF07-BE15-457C-A088-D65AD074B521}.Release|Any CPU.ActiveCfg = Release|Any CPU
		{50DCAF07-BE15-457C-A088-D65AD074B521}.Release|Any CPU.Build.0 = Release|Any CPU
		{002D9476-D390-4417-80F0-92326A969D41}.Debug|Any CPU.ActiveCfg = Debug|Any CPU
		{002D9476-D390-4417-80F0-92326A969D41}.Debug|Any CPU.Build.0 = Debug|Any CPU
		{002D9476-D390-4417-80F0-92326A969D41}.Release|Any CPU.ActiveCfg = Release|Any CPU
		{002D9476-D390-4417-80F0-92326A969D41}.Release|Any CPU.Build.0 = Release|Any CPU
	EndGlobalSection
EndGlobal
